{
  "projects": [
    {
      "projectId": "wBcw9dcxKyU36yfsUviVdG",
      "version": "0.0.1",
      "dependencies": {},
      "lang": "ts",
      "fileLocks": [
        {
          "type": "globalVariant",
          "assetId": "E1isZEegCA11",
          "checksum": "2eace6e90148c85b4a93155fbdb80e31"
        },
        {
          "assetId": "wBcw9dcxKyU36yfsUviVdG",
          "type": "projectCss",
          "checksum": "ea5e3359805491d2fa001d393a0e28d7"
        },
        {
          "type": "renderModule",
          "assetId": "CZsdhsQfR2",
          "checksum": "a5f9698a8a861efce071febdd047f7bb"
        },
        {
          "type": "cssRules",
          "assetId": "CZsdhsQfR2",
          "checksum": "9b5baa70dc90c20e55fbabf25c34d698"
        },
        {
          "type": "renderModule",
          "assetId": "N1xWE1svjO",
          "checksum": "2ca8b3f89499af904005378d001286a5"
        },
        {
          "type": "cssRules",
          "assetId": "N1xWE1svjO",
          "checksum": "dcb325b18c26d554508329d273850ad2"
        },
        {
          "type": "renderModule",
          "assetId": "DFJFHCaPCd",
          "checksum": "15c74526569a453f2ade8016292d93b6"
        },
        {
          "type": "cssRules",
          "assetId": "DFJFHCaPCd",
          "checksum": "02725b8055e1b2a9a0140e7708cc0d4c"
        },
        {
          "type": "renderModule",
          "assetId": "Ra6hYxqoFV",
          "checksum": "e94b0278f287d2c51b8f32b05f7aad6d"
        },
        {
          "type": "cssRules",
          "assetId": "Ra6hYxqoFV",
          "checksum": "1e018a8ecd5e88765e44b9c3412bb749"
        },
        {
          "type": "renderModule",
          "assetId": "Px_8qz3kVB",
          "checksum": "334483d9dd3d0e5fc1b4482b9951492b"
        },
        {
          "type": "cssRules",
          "assetId": "Px_8qz3kVB",
          "checksum": "a835a4e7392e2fe12dc270c3837f1452"
        },
        {
          "type": "renderModule",
          "assetId": "HDfljj54Xp",
          "checksum": "dbbd4aeb7fb19f0146fb491b4e30a146"
        },
        {
          "type": "cssRules",
          "assetId": "HDfljj54Xp",
          "checksum": "313a0bad6269cb5425d0a542ffd19c3a"
        },
        {
          "type": "renderModule",
          "assetId": "kdE_dd2jbPd",
          "checksum": "a63328297a851685bd7afb49947512a7"
        },
        {
          "type": "cssRules",
          "assetId": "kdE_dd2jbPd",
          "checksum": "8230a79ab285eb3688d968880fdcb450"
        },
        {
          "type": "renderModule",
          "assetId": "yLOYoxRMwJ",
          "checksum": "da713d7d967f7c7bbc704df2dcaee4bc"
        },
        {
          "type": "cssRules",
          "assetId": "yLOYoxRMwJ",
          "checksum": "7a0d3d8f4379dc7f741b6a38f581ada4"
        },
        {
          "type": "renderModule",
          "assetId": "E4MwO2Nk-p",
          "checksum": "f565fd538984423ae59257142904481b"
        },
        {
          "type": "cssRules",
          "assetId": "E4MwO2Nk-p",
          "checksum": "c3d32a3650f26c9a504f03c33364d371"
        },
        {
          "type": "renderModule",
          "assetId": "POlLgbVSFD",
          "checksum": "8eaf86faf733c4c1086bf713014cddd4"
        },
        {
          "type": "cssRules",
          "assetId": "POlLgbVSFD",
          "checksum": "ae2d253e5c1c070a31d345e6e06f9202"
        },
        {
          "type": "image",
          "assetId": "AZt8oO7ef",
          "checksum": "7bc1dea30877e728a5d04ebe44342438"
        },
        {
          "type": "image",
          "assetId": "RMawL2Akt",
          "checksum": "623546432ab60667b2a7d06e42d3d780"
        },
        {
          "type": "image",
          "assetId": "iYQRY2SgYl",
          "checksum": "44a8be9a5c72aeb9eb74ce7db26afe7c"
        },
        {
          "type": "image",
          "assetId": "Z081Rt8M0K",
          "checksum": "fe864008b88107f166ff345d9bc11aff"
        },
        {
          "type": "image",
          "assetId": "mw5Wu84IUgZ",
          "checksum": "a544583f3a7c069b3945ec8e6525459d"
        },
        {
          "type": "image",
          "assetId": "2SArlxyMYL-",
          "checksum": "165141289c7dfbe99c3b282cb06e637c"
        },
        {
          "type": "image",
          "assetId": "qrDy_Vqw8F",
          "checksum": "23f932c96cf4762a0274ad0bfd26fcca"
        },
        {
          "type": "image",
          "assetId": "Emz_Ihxpp",
          "checksum": "401292be0cc98831bf6e3fa9fb3f8035"
        },
        {
          "type": "image",
          "assetId": "JSZ6ZdsIn",
          "checksum": "b8c1d0adff01da04daf8d9706e275124"
        }
      ]
    },
    {
      "projectId": "tDcLAAzBYxMBQFp3GHSHfW",
      "version": "latest",
      "dependencies": {
        "wBcw9dcxKyU36yfsUviVdG": "0.0.1"
      },
      "lang": "ts",
      "fileLocks": [
        {
          "type": "globalVariant",
          "assetId": "5Lc4h9nwB5Z",
          "checksum": "6387454877d8870de52157a000c3a569"
        },
        {
          "type": "renderModule",
          "assetId": "HRdMwGZiPCe",
          "checksum": "fdb376da8772b42ecd5e22830e66f781"
        },
        {
          "type": "cssRules",
          "assetId": "HRdMwGZiPCe",
          "checksum": "fdb376da8772b42ecd5e22830e66f781"
        },
        {
          "type": "renderModule",
          "assetId": "QjUfVEq5Go",
          "checksum": "5f3d6a772f52ee7d0c9ae87c175053c1"
        },
        {
          "type": "cssRules",
          "assetId": "QjUfVEq5Go",
          "checksum": "5f3d6a772f52ee7d0c9ae87c175053c1"
        },
        {
          "type": "renderModule",
          "assetId": "YZ5pqHoeK_",
          "checksum": "7b996a95e100cb07c717dcb6aee4bd56"
        },
        {
          "type": "cssRules",
          "assetId": "YZ5pqHoeK_",
          "checksum": "7b996a95e100cb07c717dcb6aee4bd56"
        },
        {
          "type": "renderModule",
          "assetId": "RynG-Hop7u",
          "checksum": "cfce041e93dec300d7fe401f964eb65a"
        },
        {
          "type": "cssRules",
          "assetId": "RynG-Hop7u",
          "checksum": "cfce041e93dec300d7fe401f964eb65a"
        },
        {
          "type": "renderModule",
          "assetId": "kpJaxtJ4t1",
          "checksum": "53c847ef514b010aa9839f32a787a988"
        },
        {
          "type": "cssRules",
          "assetId": "kpJaxtJ4t1",
          "checksum": "53c847ef514b010aa9839f32a787a988"
        },
        {
          "type": "renderModule",
          "assetId": "rMsFEqx2mQ",
          "checksum": "0b4ca5c080cdf88898f6024bb6468f9b"
        },
        {
          "type": "cssRules",
          "assetId": "rMsFEqx2mQ",
          "checksum": "0b4ca5c080cdf88898f6024bb6468f9b"
        },
        {
          "type": "renderModule",
          "assetId": "8u0cQjf0oM",
          "checksum": "bda3124cdc412fd8631c153452307b86"
        },
        {
          "type": "cssRules",
          "assetId": "8u0cQjf0oM",
          "checksum": "bda3124cdc412fd8631c153452307b86"
        },
        {
          "type": "renderModule",
          "assetId": "FdipXGYvaj",
          "checksum": "a759f0f05ca836b73c0e8c1e508f44a5"
        },
        {
          "type": "cssRules",
          "assetId": "FdipXGYvaj",
          "checksum": "a759f0f05ca836b73c0e8c1e508f44a5"
        },
        {
          "type": "renderModule",
          "assetId": "-wbrW7NAWI5",
          "checksum": "09c17c27f5ee5215586faa74ae424d0d"
        },
        {
          "type": "cssRules",
          "assetId": "-wbrW7NAWI5",
          "checksum": "09c17c27f5ee5215586faa74ae424d0d"
        },
        {
          "type": "renderModule",
          "assetId": "WLA_nd03-v",
          "checksum": "0ba86daa15783efaf2971c77f34b7091"
        },
        {
          "type": "cssRules",
          "assetId": "WLA_nd03-v",
          "checksum": "0ba86daa15783efaf2971c77f34b7091"
        },
        {
          "type": "renderModule",
          "assetId": "xRmXX9TFfa",
          "checksum": "4ce40e815084395efe2c870f2b724436"
        },
        {
          "type": "cssRules",
          "assetId": "xRmXX9TFfa",
          "checksum": "4ce40e815084395efe2c870f2b724436"
        },
        {
          "type": "renderModule",
          "assetId": "cm3P6MJlYR",
          "checksum": "97723226a0f9b36bb759cb49a80041b4"
        },
        {
          "type": "cssRules",
          "assetId": "cm3P6MJlYR",
          "checksum": "97723226a0f9b36bb759cb49a80041b4"
        },
        {
          "type": "image",
          "assetId": "XRrV9TmiM",
          "checksum": "b0111ef27980b82665890269da5f8968"
        },
        {
          "type": "renderModule",
          "assetId": "RmR6Z9n4oC",
          "checksum": "7b7f72ba250af16c341460d0b8fe6985"
        },
        {
          "type": "cssRules",
          "assetId": "RmR6Z9n4oC",
          "checksum": "7b7f72ba250af16c341460d0b8fe6985"
        },
        {
          "type": "renderModule",
          "assetId": "5FtszvpDSt",
          "checksum": "1abe346618825e0912ce7e4138e06864"
        },
        {
          "type": "cssRules",
          "assetId": "5FtszvpDSt",
          "checksum": "1abe346618825e0912ce7e4138e06864"
        },
        {
          "assetId": "tDcLAAzBYxMBQFp3GHSHfW",
          "type": "projectCss",
          "checksum": "ffeb7e5a11fbf5fe410766ce88d22801"
        },
        {
          "type": "icon",
          "assetId": "yoGL-371c1",
          "checksum": "e485918376528d5e2503dab78a1eaa02"
        }
      ]
    }
  ],
  "cliVersion": "0.1.114"
}
