{
  "projects": [
    {
      "projectId": "wBcw9dcxKyU36yfsUviVdG",
      "version": "0.0.1",
      "dependencies": {},
      "lang": "ts",
      "fileLocks": [
        {
          "type": "globalVariant",
          "assetId": "E1isZEegCA11",
          "checksum": "2eace6e90148c85b4a93155fbdb80e31"
        },
        {
          "assetId": "wBcw9dcxKyU36yfsUviVdG",
          "type": "projectCss",
          "checksum": "ea5e3359805491d2fa001d393a0e28d7"
        },
        {
          "type": "renderModule",
          "assetId": "CZsdhsQfR2",
          "checksum": "a5f9698a8a861efce071febdd047f7bb"
        },
        {
          "type": "cssRules",
          "assetId": "CZsdhsQfR2",
          "checksum": "9b5baa70dc90c20e55fbabf25c34d698"
        },
        {
          "type": "renderModule",
          "assetId": "N1xWE1svjO",
          "checksum": "2ca8b3f89499af904005378d001286a5"
        },
        {
          "type": "cssRules",
          "assetId": "N1xWE1svjO",
          "checksum": "dcb325b18c26d554508329d273850ad2"
        },
        {
          "type": "renderModule",
          "assetId": "DFJFHCaPCd",
          "checksum": "15c74526569a453f2ade8016292d93b6"
        },
        {
          "type": "cssRules",
          "assetId": "DFJFHCaPCd",
          "checksum": "02725b8055e1b2a9a0140e7708cc0d4c"
        },
        {
          "type": "renderModule",
          "assetId": "Ra6hYxqoFV",
          "checksum": "e94b0278f287d2c51b8f32b05f7aad6d"
        },
        {
          "type": "cssRules",
          "assetId": "Ra6hYxqoFV",
          "checksum": "1e018a8ecd5e88765e44b9c3412bb749"
        },
        {
          "type": "renderModule",
          "assetId": "Px_8qz3kVB",
          "checksum": "334483d9dd3d0e5fc1b4482b9951492b"
        },
        {
          "type": "cssRules",
          "assetId": "Px_8qz3kVB",
          "checksum": "a835a4e7392e2fe12dc270c3837f1452"
        },
        {
          "type": "renderModule",
          "assetId": "HDfljj54Xp",
          "checksum": "dbbd4aeb7fb19f0146fb491b4e30a146"
        },
        {
          "type": "cssRules",
          "assetId": "HDfljj54Xp",
          "checksum": "313a0bad6269cb5425d0a542ffd19c3a"
        },
        {
          "type": "renderModule",
          "assetId": "kdE_dd2jbPd",
          "checksum": "a63328297a851685bd7afb49947512a7"
        },
        {
          "type": "cssRules",
          "assetId": "kdE_dd2jbPd",
          "checksum": "8230a79ab285eb3688d968880fdcb450"
        },
        {
          "type": "renderModule",
          "assetId": "yLOYoxRMwJ",
          "checksum": "da713d7d967f7c7bbc704df2dcaee4bc"
        },
        {
          "type": "cssRules",
          "assetId": "yLOYoxRMwJ",
          "checksum": "7a0d3d8f4379dc7f741b6a38f581ada4"
        },
        {
          "type": "renderModule",
          "assetId": "E4MwO2Nk-p",
          "checksum": "f565fd538984423ae59257142904481b"
        },
        {
          "type": "cssRules",
          "assetId": "E4MwO2Nk-p",
          "checksum": "c3d32a3650f26c9a504f03c33364d371"
        },
        {
          "type": "renderModule",
          "assetId": "POlLgbVSFD",
          "checksum": "8eaf86faf733c4c1086bf713014cddd4"
        },
        {
          "type": "cssRules",
          "assetId": "POlLgbVSFD",
          "checksum": "ae2d253e5c1c070a31d345e6e06f9202"
        },
        {
          "type": "icon",
          "assetId": "Mbae2-w9vC",
          "checksum": "78ac13fbe8455f54e2c15dec50e6db70"
        },
        {
          "type": "icon",
          "assetId": "qYjXe9EXdM",
          "checksum": "74f5014fa981bf1efd5e8ff55cad5d13"
        },
        {
          "type": "icon",
          "assetId": "fezaFbqFB",
          "checksum": "df3f711c0da632629af26a8834e27633"
        },
        {
          "type": "icon",
          "assetId": "vDHQWBd8eL",
          "checksum": "4bcaad0fa5a159b7fe68f99dfe2e1351"
        },
        {
          "type": "icon",
          "assetId": "xJW5VBVoHga",
          "checksum": "918eb4b7ab282a60542ad3598785ddd9"
        },
        {
          "type": "icon",
          "assetId": "Vph_nWL1i9u",
          "checksum": "968ca899e24ff80a3587eee2cdf99e8f"
        },
        {
          "type": "icon",
          "assetId": "AelBxIAIdOu",
          "checksum": "1b6533e4eeca53f8aabdb26058c0f36d"
        },
        {
          "type": "icon",
          "assetId": "GhNEvngnIGJ",
          "checksum": "d99e368617b26f5d3f27e62ad0241e5d"
        },
        {
          "type": "icon",
          "assetId": "viG_oLN9xp",
          "checksum": "50dfccb4b6ee78d2084ec694b8ed27e6"
        },
        {
          "type": "icon",
          "assetId": "fPf1uqzYly",
          "checksum": "0e8b478123b2ec3848701e4b715b1096"
        },
        {
          "type": "icon",
          "assetId": "ZP8XwREzTyT",
          "checksum": "a19e079149e36230cbc71eab3f04c633"
        },
        {
          "type": "icon",
          "assetId": "_8cl6dH60Qv",
          "checksum": "cb1b84ff84d04e6d07ddd9b7f9ef0fcd"
        },
        {
          "type": "icon",
          "assetId": "BveF1vG5zUW",
          "checksum": "35cac7ab4b0fb391dd50fb139feab1a0"
        },
        {
          "type": "icon",
          "assetId": "1xn5E_x_fjm",
          "checksum": "c2eafb8580fe1470cb3cf9082f5c4d29"
        },
        {
          "type": "icon",
          "assetId": "RPQbm5HDneh",
          "checksum": "9f49e0126cf46c5448a0fa27d2857d41"
        },
        {
          "type": "icon",
          "assetId": "BifcRnDdHGs",
          "checksum": "3d45c8aba74908e24b88eae58a3e777b"
        },
        {
          "type": "icon",
          "assetId": "FlGDlNBBN41",
          "checksum": "71a8a92c2f017b087b88bd98bcc60a04"
        },
        {
          "type": "icon",
          "assetId": "raBaFkFMNSE",
          "checksum": "ca983a59dc6eaa65d55fd87dfd47c4cf"
        },
        {
          "type": "icon",
          "assetId": "x6BR45bYnBe",
          "checksum": "f8dd4d16d2430b85d5b382c53cd5265b"
        },
        {
          "type": "icon",
          "assetId": "pxe17EYG8dI",
          "checksum": "05542c50561c48359e101f4c4f6fb7cd"
        },
        {
          "type": "icon",
          "assetId": "ZN8X9wGJbqY",
          "checksum": "37f668e559954e5b231688ff7cc154cc"
        },
        {
          "type": "icon",
          "assetId": "ay9VF6i5Ixa",
          "checksum": "0b851fd2e216a51189e4ca31fe153d38"
        },
        {
          "type": "image",
          "assetId": "AZt8oO7ef",
          "checksum": "7bc1dea30877e728a5d04ebe44342438"
        },
        {
          "type": "image",
          "assetId": "RMawL2Akt",
          "checksum": "623546432ab60667b2a7d06e42d3d780"
        },
        {
          "type": "image",
          "assetId": "iYQRY2SgYl",
          "checksum": "44a8be9a5c72aeb9eb74ce7db26afe7c"
        },
        {
          "type": "image",
          "assetId": "Z081Rt8M0K",
          "checksum": "fe864008b88107f166ff345d9bc11aff"
        },
        {
          "type": "image",
          "assetId": "mw5Wu84IUgZ",
          "checksum": "a544583f3a7c069b3945ec8e6525459d"
        },
        {
          "type": "image",
          "assetId": "2SArlxyMYL-",
          "checksum": "165141289c7dfbe99c3b282cb06e637c"
        },
        {
          "type": "image",
          "assetId": "qrDy_Vqw8F",
          "checksum": "23f932c96cf4762a0274ad0bfd26fcca"
        },
        {
          "type": "image",
          "assetId": "Emz_Ihxpp",
          "checksum": "401292be0cc98831bf6e3fa9fb3f8035"
        },
        {
          "type": "image",
          "assetId": "JSZ6ZdsIn",
          "checksum": "b8c1d0adff01da04daf8d9706e275124"
        }
      ]
    },
    {
      "projectId": "tDcLAAzBYxMBQFp3GHSHfW",
      "version": "latest",
      "dependencies": {
        "wBcw9dcxKyU36yfsUviVdG": "0.0.1"
      },
      "lang": "ts",
      "fileLocks": [
        {
          "type": "globalVariant",
          "assetId": "5Lc4h9nwB5Z",
          "checksum": "5c562046501a39f066bb4fef0c9b289e"
        },
        {
          "type": "renderModule",
          "assetId": "HRdMwGZiPCe",
          "checksum": "17c759f55f372c601c10416bd8dce127"
        },
        {
          "type": "cssRules",
          "assetId": "HRdMwGZiPCe",
          "checksum": "ecbc81f74cb4aa2cb071f198e7ac60ba"
        },
        {
          "type": "renderModule",
          "assetId": "QjUfVEq5Go",
          "checksum": "0afc4229029fe617092951107e943dbe"
        },
        {
          "type": "cssRules",
          "assetId": "QjUfVEq5Go",
          "checksum": "eeebbb66057e2ef00ce4d1f1e9b2dabf"
        },
        {
          "type": "renderModule",
          "assetId": "YZ5pqHoeK_",
          "checksum": "a7763f22f5da527c4dd50a8d1fe9a4b6"
        },
        {
          "type": "cssRules",
          "assetId": "YZ5pqHoeK_",
          "checksum": "cf0a93ff0c4b5663ee641c3b32d337b5"
        },
        {
          "type": "renderModule",
          "assetId": "RynG-Hop7u",
          "checksum": "3230606c147f786943acc1391742f7ab"
        },
        {
          "type": "cssRules",
          "assetId": "RynG-Hop7u",
          "checksum": "c046f34533256895c8bbc5c92c0be618"
        },
        {
          "type": "renderModule",
          "assetId": "kpJaxtJ4t1",
          "checksum": "da86ebd9e3e5731f49614ec4fe2bd492"
        },
        {
          "type": "cssRules",
          "assetId": "kpJaxtJ4t1",
          "checksum": "28f33cc760b8929ae114307075dbdfdf"
        },
        {
          "type": "renderModule",
          "assetId": "rMsFEqx2mQ",
          "checksum": "3dc097ad3c2d24ef42713e61e3305943"
        },
        {
          "type": "cssRules",
          "assetId": "rMsFEqx2mQ",
          "checksum": "9fac408a288bd3156be67f91d811b6f9"
        },
        {
          "type": "renderModule",
          "assetId": "8u0cQjf0oM",
          "checksum": "643561ead25e9aa1ada9912f72019138"
        },
        {
          "type": "cssRules",
          "assetId": "8u0cQjf0oM",
          "checksum": "21c42c9d0bfb0c95ac80825618314077"
        },
        {
          "type": "renderModule",
          "assetId": "FdipXGYvaj",
          "checksum": "0bacec44d303c3b8dbe5c78548db18c2"
        },
        {
          "type": "cssRules",
          "assetId": "FdipXGYvaj",
          "checksum": "21c42c9d0bfb0c95ac80825618314077"
        },
        {
          "type": "renderModule",
          "assetId": "-wbrW7NAWI5",
          "checksum": "87aa6238dd56031092aa79fe1b401617"
        },
        {
          "type": "cssRules",
          "assetId": "-wbrW7NAWI5",
          "checksum": "07d357baaf3a7e309ddd81395f4eeb96"
        },
        {
          "type": "renderModule",
          "assetId": "WLA_nd03-v",
          "checksum": "1ba9c49fcad526b10d986cdbbfcd1d46"
        },
        {
          "type": "cssRules",
          "assetId": "WLA_nd03-v",
          "checksum": "21c42c9d0bfb0c95ac80825618314077"
        },
        {
          "type": "renderModule",
          "assetId": "xRmXX9TFfa",
          "checksum": "e9c4b1b4eca4d0689634ac00b32740bb"
        },
        {
          "type": "cssRules",
          "assetId": "xRmXX9TFfa",
          "checksum": "0b0d0da2b4201a983cd6bdcb84832c0b"
        },
        {
          "type": "renderModule",
          "assetId": "cm3P6MJlYR",
          "checksum": "297e5003cf1a9ae0916bec69bc38dc0e"
        },
        {
          "type": "cssRules",
          "assetId": "cm3P6MJlYR",
          "checksum": "d8a8f04d4fcac7961ef0099f4bdac50d"
        },
        {
          "type": "icon",
          "assetId": "yoGL-371c1",
          "checksum": "5f8eb082037915a074ee0bd4612c8c2f"
        },
        {
          "type": "image",
          "assetId": "XRrV9TmiM",
          "checksum": "1b423daa701b62a1c3fbe8c3d05b8c40"
        },
        {
          "assetId": "tDcLAAzBYxMBQFp3GHSHfW",
          "type": "projectCss",
          "checksum": "ffeb7e5a11fbf5fe410766ce88d22801"
        }
      ]
    }
  ],
  "cliVersion": "0.1.114"
}
